{
    "_readme": [
        "This file locks the dependencies of your project to a known state",
        "Read more about it at https://getcomposer.org/doc/01-basic-usage.md#installing-dependencies",
        "This file is @generated automatically"
    ],
    "content-hash": "1c95319636593e5e11f7f492cdb4d051",
    "packages": [
        {
            "name": "atlas/pdo",
            "version": "2.0.1",
            "source": {
                "type": "git",
                "url": "https://github.com/atlasphp/Atlas.Pdo.git",
                "reference": "71dfd39e158c20b66a101b4e6f7c707b39e10bb6"
            },
            "dist": {
                "type": "zip",
                "url": "https://api.github.com/repos/atlasphp/Atlas.Pdo/zipball/71dfd39e158c20b66a101b4e6f7c707b39e10bb6",
                "reference": "71dfd39e158c20b66a101b4e6f7c707b39e10bb6",
                "shasum": ""
            },
            "require": {
                "ext-pdo": "*",
                "php": "^8.0"
            },
            "require-dev": {
                "pds/skeleton": "^1.0",
                "phpstan/phpstan": "^1.0",
                "phpunit/phpunit": "^9.0"
            },
            "type": "library",
            "autoload": {
                "psr-4": {
                    "Atlas\\Pdo\\": "src/"
                }
            },
            "notification-url": "https://packagist.org/downloads/",
            "license": [
                "MIT"
            ],
            "authors": [
                {
                    "name": "Atlas.Pdo Contributors",
                    "homepage": "https://github.com/atlasphp/Atlas.Pdo/contributors"
                }
            ],
            "description": "Provides a PDO instance decorator with convenience methods, and a connection manager.",
            "homepage": "https://github.com/atlasphp/Atlas.Pdo",
            "keywords": [
                "Connection",
                "database",
                "pdo",
                "sql"
            ],
            "support": {
                "issues": "https://github.com/atlasphp/Atlas.Pdo/issues",
                "source": "https://github.com/atlasphp/Atlas.Pdo/tree/2.0.1"
            },
            "time": "2025-09-01T15:49:59+00:00"
        }
    ],
    "packages-dev": [],
    "aliases": [],
    "minimum-stability": "stable",
    "stability-flags": {},
    "prefer-stable": false,
    "prefer-lowest": false,
    "platform": {
        "php": ">=8.1"
    },
    "platform-dev": {},
    "plugin-api-version": "2.9.0"
}
