{
    "_readme": [
        "This file locks the dependencies of your project to a known state",
        "Read more about it at https://getcomposer.org/doc/01-basic-usage.md#installing-dependencies",
        "This file is @generated automatically"
    ],
    "content-hash": "7cb6917c349d2749839277d52a6f0254",
    "packages": [
        {
            "name": "cycle/database",
            "version": "2.16.0",
            "source": {
                "type": "git",
                "url": "https://github.com/cycle/database.git",
                "reference": "279e3bb64185cebeb7c6a9cb637d67f6a7c206ce"
            },
            "dist": {
                "type": "zip",
                "url": "https://api.github.com/repos/cycle/database/zipball/279e3bb64185cebeb7c6a9cb637d67f6a7c206ce",
                "reference": "279e3bb64185cebeb7c6a9cb637d67f6a7c206ce",
                "shasum": ""
            },
            "require": {
                "ext-pdo": "*",
                "php": ">=8.1",
                "psr/log": "1 - 3",
                "spiral/core": "^2.8 || ^3.0",
                "spiral/pagination": "^2.8 || ^3.0",
                "symfony/polyfill-php83": "^1.28"
            },
            "conflict": {
                "spiral/database": "*"
            },
            "require-dev": {
                "buggregator/trap": "^1.15",
                "ergebnis/composer-normalize": "^2.42",
                "infection/infection": ">=0.26.10",
                "mockery/mockery": "^1.5",
                "phpunit/phpunit": "^9.5",
                "spiral/code-style": "^2.2.0",
                "spiral/tokenizer": "^2.14 || ^3.0",
                "vimeo/psalm": "^5.26 || ^6.6"
            },
            "type": "library",
            "autoload": {
                "files": [
                    "src/polyfill.php",
                    "src/functions_polyfill.php"
                ],
                "psr-4": {
                    "Cycle\\Database\\": "src"
                }
            },
            "notification-url": "https://packagist.org/downloads/",
            "license": [
                "MIT"
            ],
            "authors": [
                {
                    "name": "Anton Titov (wolfy-j)",
                    "email": "wolfy-j@spiralscout.com"
                },
                {
                    "name": "Aleksei Gagarin (roxblnfk)",
                    "email": "alexey.gagarin@spiralscout.com"
                },
                {
                    "name": "Maksim Smakouz (msmakouz)",
                    "email": "maksim.smakouz@spiralscout.com"
                },
                {
                    "name": "Pavel Butchnev (butschster)",
                    "email": "pavel.buchnev@spiralscout.com"
                }
            ],
            "description": "DBAL, schema introspection, migration and pagination",
            "homepage": "https://cycle-orm.dev",
            "keywords": [
                "database",
                "dbal",
                "mssql",
                "mysql",
                "orm",
                "postgresql",
                "query-builder",
                "sql",
                "sqlite"
            ],
            "support": {
                "chat": "https://discord.gg/spiralphp",
                "docs": "https://cycle-orm.dev/docs",
                "issues": "https://github.com/cycle/database/issues",
                "source": "https://github.com/cycle/database"
            },
            "funding": [
                {
                    "url": "https://github.com/sponsors/cycle",
                    "type": "github"
                }
            ],
            "time": "2026-03-19T10:07:45+00:00"
        },
        {
            "name": "psr/container",
            "version": "2.0.2",
            "source": {
                "type": "git",
                "url": "https://github.com/php-fig/container.git",
                "reference": "c71ecc56dfe541dbd90c5360474fbc405f8d5963"
            },
            "dist": {
                "type": "zip",
                "url": "https://api.github.com/repos/php-fig/container/zipball/c71ecc56dfe541dbd90c5360474fbc405f8d5963",
                "reference": "c71ecc56dfe541dbd90c5360474fbc405f8d5963",
                "shasum": ""
            },
            "require": {
                "php": ">=7.4.0"
            },
            "type": "library",
            "extra": {
                "branch-alias": {
                    "dev-master": "2.0.x-dev"
                }
            },
            "autoload": {
                "psr-4": {
                    "Psr\\Container\\": "src/"
                }
            },
            "notification-url": "https://packagist.org/downloads/",
            "license": [
                "MIT"
            ],
            "authors": [
                {
                    "name": "PHP-FIG",
                    "homepage": "https://www.php-fig.org/"
                }
            ],
            "description": "Common Container Interface (PHP FIG PSR-11)",
            "homepage": "https://github.com/php-fig/container",
            "keywords": [
                "PSR-11",
                "container",
                "container-interface",
                "container-interop",
                "psr"
            ],
            "support": {
                "issues": "https://github.com/php-fig/container/issues",
                "source": "https://github.com/php-fig/container/tree/2.0.2"
            },
            "time": "2021-11-05T16:47:00+00:00"
        },
        {
            "name": "psr/event-dispatcher",
            "version": "1.0.0",
            "source": {
                "type": "git",
                "url": "https://github.com/php-fig/event-dispatcher.git",
                "reference": "dbefd12671e8a14ec7f180cab83036ed26714bb0"
            },
            "dist": {
                "type": "zip",
                "url": "https://api.github.com/repos/php-fig/event-dispatcher/zipball/dbefd12671e8a14ec7f180cab83036ed26714bb0",
                "reference": "dbefd12671e8a14ec7f180cab83036ed26714bb0",
                "shasum": ""
            },
            "require": {
                "php": ">=7.2.0"
            },
            "type": "library",
            "extra": {
                "branch-alias": {
                    "dev-master": "1.0.x-dev"
                }
            },
            "autoload": {
                "psr-4": {
                    "Psr\\EventDispatcher\\": "src/"
                }
            },
            "notification-url": "https://packagist.org/downloads/",
            "license": [
                "MIT"
            ],
            "authors": [
                {
                    "name": "PHP-FIG",
                    "homepage": "http://www.php-fig.org/"
                }
            ],
            "description": "Standard interfaces for event handling.",
            "keywords": [
                "events",
                "psr",
                "psr-14"
            ],
            "support": {
                "issues": "https://github.com/php-fig/event-dispatcher/issues",
                "source": "https://github.com/php-fig/event-dispatcher/tree/1.0.0"
            },
            "time": "2019-01-08T18:20:26+00:00"
        },
        {
            "name": "psr/log",
            "version": "3.0.2",
            "source": {
                "type": "git",
                "url": "https://github.com/php-fig/log.git",
                "reference": "f16e1d5863e37f8d8c2a01719f5b34baa2b714d3"
            },
            "dist": {
                "type": "zip",
                "url": "https://api.github.com/repos/php-fig/log/zipball/f16e1d5863e37f8d8c2a01719f5b34baa2b714d3",
                "reference": "f16e1d5863e37f8d8c2a01719f5b34baa2b714d3",
                "shasum": ""
            },
            "require": {
                "php": ">=8.0.0"
            },
            "type": "library",
            "extra": {
                "branch-alias": {
                    "dev-master": "3.x-dev"
                }
            },
            "autoload": {
                "psr-4": {
                    "Psr\\Log\\": "src"
                }
            },
            "notification-url": "https://packagist.org/downloads/",
            "license": [
                "MIT"
            ],
            "authors": [
                {
                    "name": "PHP-FIG",
                    "homepage": "https://www.php-fig.org/"
                }
            ],
            "description": "Common interface for logging libraries",
            "homepage": "https://github.com/php-fig/log",
            "keywords": [
                "log",
                "psr",
                "psr-3"
            ],
            "support": {
                "source": "https://github.com/php-fig/log/tree/3.0.2"
            },
            "time": "2024-09-11T13:17:53+00:00"
        },
        {
            "name": "spiral/core",
            "version": "3.16.1",
            "source": {
                "type": "git",
                "url": "https://github.com/spiral/core.git",
                "reference": "fc9b81afd87a61ae9e523d86d1bff277a3e81b95"
            },
            "dist": {
                "type": "zip",
                "url": "https://api.github.com/repos/spiral/core/zipball/fc9b81afd87a61ae9e523d86d1bff277a3e81b95",
                "reference": "fc9b81afd87a61ae9e523d86d1bff277a3e81b95",
                "shasum": ""
            },
            "require": {
                "php": ">=8.1",
                "psr/container": "^1.1|^2.0",
                "spiral/security": "^3.16.1"
            },
            "provide": {
                "psr/container-implementation": "^1.1|^2.0"
            },
            "require-dev": {
                "mockery/mockery": "^1.6.12",
                "phpunit/phpunit": "^10.5.41",
                "vimeo/psalm": "^6.0"
            },
            "type": "library",
            "extra": {
                "branch-alias": {
                    "dev-master": "3.17.x-dev"
                }
            },
            "autoload": {
                "psr-4": {
                    "Spiral\\Core\\": "src"
                }
            },
            "notification-url": "https://packagist.org/downloads/",
            "license": [
                "MIT"
            ],
            "authors": [
                {
                    "name": "Anton Titov (wolfy-j)",
                    "email": "wolfy-j@spiralscout.com"
                },
                {
                    "name": "Pavel Butchnev (butschster)",
                    "homepage": "https://github.com/butschster"
                },
                {
                    "name": "Aleksei Gagarin (roxblnfk)",
                    "homepage": "https://github.com/roxblnfk"
                },
                {
                    "name": "Maksim Smakouz (msmakouz)",
                    "email": "maksim.smakouz@spiralscout.com"
                }
            ],
            "description": "IoC container, IoC scopes, factory, memory, configuration interfaces",
            "homepage": "https://spiral.dev",
            "support": {
                "issues": "https://github.com/spiral/framework/issues",
                "source": "https://github.com/spiral/core"
            },
            "funding": [
                {
                    "url": "https://github.com/sponsors/spiral",
                    "type": "github"
                }
            ],
            "time": "2026-02-23T11:41:23+00:00"
        },
        {
            "name": "spiral/hmvc",
            "version": "3.16.1",
            "source": {
                "type": "git",
                "url": "https://github.com/spiral/hmvc.git",
                "reference": "63c6b9c5ac84c30926fdc4488a8c44f6f5d5664d"
            },
            "dist": {
                "type": "zip",
                "url": "https://api.github.com/repos/spiral/hmvc/zipball/63c6b9c5ac84c30926fdc4488a8c44f6f5d5664d",
                "reference": "63c6b9c5ac84c30926fdc4488a8c44f6f5d5664d",
                "shasum": ""
            },
            "require": {
                "php": ">=8.1",
                "psr/event-dispatcher": "^1.0",
                "spiral/core": "^3.16.1",
                "spiral/interceptors": "^3.16.1"
            },
            "require-dev": {
                "phpunit/phpunit": "^10.5.41",
                "spiral/testing": "^2.12",
                "vimeo/psalm": "^6.0"
            },
            "type": "library",
            "extra": {
                "branch-alias": {
                    "dev-master": "3.17.x-dev"
                }
            },
            "autoload": {
                "psr-4": {
                    "Spiral\\Core\\": "src"
                }
            },
            "notification-url": "https://packagist.org/downloads/",
            "license": [
                "MIT"
            ],
            "authors": [
                {
                    "name": "Anton Titov (wolfy-j)",
                    "email": "wolfy-j@spiralscout.com"
                },
                {
                    "name": "Pavel Butchnev (butschster)",
                    "homepage": "https://github.com/butschster"
                },
                {
                    "name": "Aleksei Gagarin (roxblnfk)",
                    "homepage": "https://github.com/roxblnfk"
                },
                {
                    "name": "Maksim Smakouz (msmakouz)",
                    "email": "maksim.smakouz@spiralscout.com"
                }
            ],
            "description": "HMVC Core and Controllers",
            "homepage": "https://spiral.dev",
            "support": {
                "chat": "https://discord.gg/V6EK4he",
                "docs": "https://spiral.dev/docs",
                "issues": "https://github.com/spiral/framework/issues",
                "source": "https://github.com/spiral/hmvc"
            },
            "funding": [
                {
                    "url": "https://github.com/sponsors/spiral",
                    "type": "github"
                }
            ],
            "time": "2026-02-23T11:41:35+00:00"
        },
        {
            "name": "spiral/interceptors",
            "version": "3.16.1",
            "source": {
                "type": "git",
                "url": "https://github.com/spiral/interceptors.git",
                "reference": "306ab72c945acc03ef67398155de95ee3adbe617"
            },
            "dist": {
                "type": "zip",
                "url": "https://api.github.com/repos/spiral/interceptors/zipball/306ab72c945acc03ef67398155de95ee3adbe617",
                "reference": "306ab72c945acc03ef67398155de95ee3adbe617",
                "shasum": ""
            },
            "require": {
                "php": ">=8.1",
                "psr/event-dispatcher": "^1.0",
                "spiral/core": "^3.16.1"
            },
            "require-dev": {
                "phpunit/phpunit": "^10.5.41",
                "spiral/testing": "^2.12",
                "vimeo/psalm": "^6.0"
            },
            "type": "library",
            "extra": {
                "branch-alias": {
                    "dev-master": "3.17.x-dev"
                }
            },
            "autoload": {
                "psr-4": {
                    "Spiral\\Interceptors\\": "src"
                }
            },
            "notification-url": "https://packagist.org/downloads/",
            "license": [
                "MIT"
            ],
            "authors": [
                {
                    "name": "Anton Titov (wolfy-j)",
                    "email": "wolfy-j@spiralscout.com"
                },
                {
                    "name": "Pavel Butchnev (butschster)",
                    "homepage": "https://github.com/butschster"
                },
                {
                    "name": "Aleksei Gagarin (roxblnfk)",
                    "homepage": "https://github.com/roxblnfk"
                },
                {
                    "name": "Maksim Smakouz (msmakouz)",
                    "email": "maksim.smakouz@spiralscout.com"
                }
            ],
            "description": "Spiral Interceptors",
            "homepage": "https://spiral.dev",
            "keywords": [
                "aop",
                "interceptors",
                "spiral"
            ],
            "support": {
                "chat": "https://discord.gg/V6EK4he",
                "docs": "https://spiral.dev/docs",
                "issues": "https://github.com/spiral/framework/issues",
                "source": "https://github.com/spiral/interceptors"
            },
            "funding": [
                {
                    "url": "https://github.com/sponsors/spiral",
                    "type": "github"
                }
            ],
            "time": "2026-02-23T11:45:15+00:00"
        },
        {
            "name": "spiral/pagination",
            "version": "3.16.1",
            "source": {
                "type": "git",
                "url": "https://github.com/spiral/pagination.git",
                "reference": "3da266cf0b4cefbe516786d5236caf73d53b8e75"
            },
            "dist": {
                "type": "zip",
                "url": "https://api.github.com/repos/spiral/pagination/zipball/3da266cf0b4cefbe516786d5236caf73d53b8e75",
                "reference": "3da266cf0b4cefbe516786d5236caf73d53b8e75",
                "shasum": ""
            },
            "require": {
                "php": ">=8.1"
            },
            "require-dev": {
                "mockery/mockery": "^1.6.12",
                "phpunit/phpunit": "^10.5.41",
                "vimeo/psalm": "^6.0"
            },
            "type": "library",
            "extra": {
                "branch-alias": {
                    "dev-master": "3.17.x-dev"
                }
            },
            "autoload": {
                "psr-4": {
                    "Spiral\\Pagination\\": "src"
                }
            },
            "notification-url": "https://packagist.org/downloads/",
            "license": [
                "MIT"
            ],
            "authors": [
                {
                    "name": "Anton Titov (wolfy-j)",
                    "email": "wolfy-j@spiralscout.com"
                },
                {
                    "name": "Pavel Butchnev (butschster)",
                    "homepage": "https://github.com/butschster"
                },
                {
                    "name": "Aleksei Gagarin (roxblnfk)",
                    "homepage": "https://github.com/roxblnfk"
                },
                {
                    "name": "Maksim Smakouz (msmakouz)",
                    "email": "maksim.smakouz@spiralscout.com"
                }
            ],
            "description": "Common pagination interfaces",
            "homepage": "https://spiral.dev",
            "support": {
                "issues": "https://github.com/spiral/framework/issues",
                "source": "https://github.com/spiral/pagination"
            },
            "funding": [
                {
                    "url": "https://github.com/sponsors/spiral",
                    "type": "github"
                }
            ],
            "time": "2026-01-19T11:10:29+00:00"
        },
        {
            "name": "spiral/security",
            "version": "3.16.1",
            "source": {
                "type": "git",
                "url": "https://github.com/spiral/security.git",
                "reference": "15c7aa202fd91f7b93218350ebcf5107724a8656"
            },
            "dist": {
                "type": "zip",
                "url": "https://api.github.com/repos/spiral/security/zipball/15c7aa202fd91f7b93218350ebcf5107724a8656",
                "reference": "15c7aa202fd91f7b93218350ebcf5107724a8656",
                "shasum": ""
            },
            "require": {
                "php": ">=8.1",
                "spiral/core": "^3.16.1",
                "spiral/hmvc": "^3.16.1"
            },
            "require-dev": {
                "mockery/mockery": "^1.6.12",
                "phpunit/phpunit": "^10.5.41",
                "spiral/console": "^3.16.1",
                "vimeo/psalm": "^6.0"
            },
            "type": "library",
            "extra": {
                "branch-alias": {
                    "dev-master": "3.17.x-dev"
                }
            },
            "autoload": {
                "psr-4": {
                    "Spiral\\Security\\": "src"
                }
            },
            "notification-url": "https://packagist.org/downloads/",
            "license": [
                "MIT"
            ],
            "authors": [
                {
                    "name": "Anton Titov (wolfy-j)",
                    "email": "wolfy-j@spiralscout.com"
                },
                {
                    "name": "Pavel Butchnev (butschster)",
                    "homepage": "https://github.com/butschster"
                },
                {
                    "name": "Aleksei Gagarin (roxblnfk)",
                    "homepage": "https://github.com/roxblnfk"
                },
                {
                    "name": "Maksim Smakouz (msmakouz)",
                    "email": "maksim.smakouz@spiralscout.com"
                }
            ],
            "description": "Spiral, RBAC security layer",
            "homepage": "https://spiral.dev",
            "support": {
                "issues": "https://github.com/spiral/framework/issues",
                "source": "https://github.com/spiral/security"
            },
            "funding": [
                {
                    "url": "https://github.com/sponsors/spiral",
                    "type": "github"
                }
            ],
            "time": "2026-02-23T11:41:32+00:00"
        },
        {
            "name": "symfony/polyfill-php83",
            "version": "v1.33.0",
            "source": {
                "type": "git",
                "url": "https://github.com/symfony/polyfill-php83.git",
                "reference": "17f6f9a6b1735c0f163024d959f700cfbc5155e5"
            },
            "dist": {
                "type": "zip",
                "url": "https://api.github.com/repos/symfony/polyfill-php83/zipball/17f6f9a6b1735c0f163024d959f700cfbc5155e5",
                "reference": "17f6f9a6b1735c0f163024d959f700cfbc5155e5",
                "shasum": ""
            },
            "require": {
                "php": ">=7.2"
            },
            "type": "library",
            "extra": {
                "thanks": {
                    "url": "https://github.com/symfony/polyfill",
                    "name": "symfony/polyfill"
                }
            },
            "autoload": {
                "files": [
                    "bootstrap.php"
                ],
                "psr-4": {
                    "Symfony\\Polyfill\\Php83\\": ""
                },
                "classmap": [
                    "Resources/stubs"
                ]
            },
            "notification-url": "https://packagist.org/downloads/",
            "license": [
                "MIT"
            ],
            "authors": [
                {
                    "name": "Nicolas Grekas",
                    "email": "p@tchwork.com"
                },
                {
                    "name": "Symfony Community",
                    "homepage": "https://symfony.com/contributors"
                }
            ],
            "description": "Symfony polyfill backporting some PHP 8.3+ features to lower PHP versions",
            "homepage": "https://symfony.com",
            "keywords": [
                "compatibility",
                "polyfill",
                "portable",
                "shim"
            ],
            "support": {
                "source": "https://github.com/symfony/polyfill-php83/tree/v1.33.0"
            },
            "funding": [
                {
                    "url": "https://symfony.com/sponsor",
                    "type": "custom"
                },
                {
                    "url": "https://github.com/fabpot",
                    "type": "github"
                },
                {
                    "url": "https://github.com/nicolas-grekas",
                    "type": "github"
                },
                {
                    "url": "https://tidelift.com/funding/github/packagist/symfony/symfony",
                    "type": "tidelift"
                }
            ],
            "time": "2025-07-08T02:45:35+00:00"
        }
    ],
    "packages-dev": [],
    "aliases": [],
    "minimum-stability": "stable",
    "stability-flags": {},
    "prefer-stable": false,
    "prefer-lowest": false,
    "platform": {
        "php": ">=8.1"
    },
    "platform-dev": {},
    "plugin-api-version": "2.9.0"
}
